
Microsoft Visual Studio Solution File, Format Version 12.00
# Visual Studio Version 16
VisualStudioVersion = 16.0.33529.622
MinimumVisualStudioVersion = 10.0.40219.1
Project("{FAE04EC0-301F-11D3-BF4B-00C04F79EFBC}") = "ClassCircleAndClassCylinder", "ClassCircleAndClassCylinder.csproj", "{40891FFD-97A5-4A34-AAF6-F156C5FC7D22}"
EndProject
Global
	GlobalSection(SolutionConfigurationPlatforms) = preSolution
		Debug|Any CPU = Debug|Any CPU
		Release|Any CPU = Release|Any CPU
	EndGlobalSection
	GlobalSection(ProjectConfigurationPlatforms) = postSolution
		{40891FFD-97A5-4A34-AAF6-F156C5FC7D22}.Debug|Any CPU.ActiveCfg = Debug|Any CPU
		{40891FFD-97A5-4A34-AAF6-F156C5FC7D22}.Debug|Any CPU.Build.0 = Debug|Any CPU
		{40891FFD-97A5-4A34-AAF6-F156C5FC7D22}.Release|Any CPU.ActiveCfg = Release|Any CPU
		{40891FFD-97A5-4A34-AAF6-F156C5FC7D22}.Release|Any CPU.Build.0 = Release|Any CPU
	EndGlobalSection
	GlobalSection(SolutionProperties) = preSolution
		HideSolutionNode = FALSE
	EndGlobalSection
	GlobalSection(ExtensibilityGlobals) = postSolution
		SolutionGuid = {8A8D9827-8BDA-463A-A0C2-6BDD2FCAE7F2}
	EndGlobalSection
EndGlobal
